
Microsoft Visual Studio Solution File, Format Version 12.00
# Visual Studio Version 16
VisualStudioVersion = 16.0.31019.35
MinimumVisualStudioVersion = 10.0.40219.1
Project("{FAE04EC0-301F-11D3-BF4B-00C04F79EFBC}") = "Chap07App", "Chap07App\Chap07App.csproj", "{C19D4151-A13D-41E4-ADA9-C2F791DEC70F}"
EndProject
Project("{FAE04EC0-301F-11D3-BF4B-00C04F79EFBC}") = "CalcTestApp", "CalcTestApp\CalcTestApp.csproj", "{5F1D40F4-16EB-4AF3-A1EF-54594D4AA7D8}"
EndProject
Project("{FAE04EC0-301F-11D3-BF4B-00C04F79EFBC}") = "StaticTestApp", "StaticTestApp\StaticTestApp.csproj", "{7F508453-6F62-48A1-8CA6-B41C60F80B03}"
EndProject
Project("{FAE04EC0-301F-11D3-BF4B-00C04F79EFBC}") = "AccessModiFierTestApp", "AccessModiFierTestApp\AccessModiFierTestApp.csproj", "{B7A3DF7B-D590-4A98-83AD-836CDEC2F545}"
EndProject
Global
	GlobalSection(SolutionConfigurationPlatforms) = preSolution
		Debug|Any CPU = Debug|Any CPU
		Release|Any CPU = Release|Any CPU
	EndGlobalSection
	GlobalSection(ProjectConfigurationPlatforms) = postSolution
		{C19D4151-A13D-41E4-ADA9-C2F791DEC70F}.Debug|Any CPU.ActiveCfg = Debug|Any CPU
		{C19D4151-A13D-41E4-ADA9-C2F791DEC70F}.Debug|Any CPU.Build.0 = Debug|Any CPU
		{C19D4151-A13D-41E4-ADA9-C2F791DEC70F}.Release|Any CPU.ActiveCfg = Release|Any CPU
		{C19D4151-A13D-41E4-ADA9-C2F791DEC70F}.Release|Any CPU.Build.0 = Release|Any CPU
		{5F1D40F4-16EB-4AF3-A1EF-54594D4AA7D8}.Debug|Any CPU.ActiveCfg = Debug|Any CPU
		{5F1D40F4-16EB-4AF3-A1EF-54594D4AA7D8}.Debug|Any CPU.Build.0 = Debug|Any CPU
		{5F1D40F4-16EB-4AF3-A1EF-54594D4AA7D8}.Release|Any CPU.ActiveCfg = Release|Any CPU
		{5F1D40F4-16EB-4AF3-A1EF-54594D4AA7D8}.Release|Any CPU.Build.0 = Release|Any CPU
		{7F508453-6F62-48A1-8CA6-B41C60F80B03}.Debug|Any CPU.ActiveCfg = Debug|Any CPU
		{7F508453-6F62-48A1-8CA6-B41C60F80B03}.Debug|Any CPU.Build.0 = Debug|Any CPU
		{7F508453-6F62-48A1-8CA6-B41C60F80B03}.Release|Any CPU.ActiveCfg = Release|Any CPU
		{7F508453-6F62-48A1-8CA6-B41C60F80B03}.Release|Any CPU.Build.0 = Release|Any CPU
		{B7A3DF7B-D590-4A98-83AD-836CDEC2F545}.Debug|Any CPU.ActiveCfg = Debug|Any CPU
		{B7A3DF7B-D590-4A98-83AD-836CDEC2F545}.Debug|Any CPU.Build.0 = Debug|Any CPU
		{B7A3DF7B-D590-4A98-83AD-836CDEC2F545}.Release|Any CPU.ActiveCfg = Release|Any CPU
		{B7A3DF7B-D590-4A98-83AD-836CDEC2F545}.Release|Any CPU.Build.0 = Release|Any CPU
	EndGlobalSection
	GlobalSection(SolutionProperties) = preSolution
		HideSolutionNode = FALSE
	EndGlobalSection
	GlobalSection(ExtensibilityGlobals) = postSolution
		SolutionGuid = {795AA161-8D4B-483A-B49C-7763C732546C}
	EndGlobalSection
EndGlobal
