
Microsoft Visual Studio Solution File, Format Version 12.00
# Visual Studio Version 16
VisualStudioVersion = 16.0.31019.35
MinimumVisualStudioVersion = 10.0.40219.1
Project("{FAE04EC0-301F-11D3-BF4B-00C04F79EFBC}") = "Chap11App", "Chap11App\Chap11App.csproj", "{9872D5EC-AEFE-4158-BC84-19410C3C22E7}"
EndProject
Project("{FAE04EC0-301F-11D3-BF4B-00C04F79EFBC}") = "GenericCopyArrayApp", "GenericCopyArrayApp\GenericCopyArrayApp.csproj", "{9D868677-0FE5-4AD4-8614-A3274C2FF308}"
EndProject
Project("{FAE04EC0-301F-11D3-BF4B-00C04F79EFBC}") = "GenericClassApp", "GenericClassApp\GenericClassApp.csproj", "{18282795-FB65-4734-925F-210262F32BA1}"
EndProject
Project("{FAE04EC0-301F-11D3-BF4B-00C04F79EFBC}") = "GenericListApp", "GenericListApp\GenericListApp.csproj", "{F1915D57-5198-4915-9134-25F9771354B8}"
EndProject
Project("{FAE04EC0-301F-11D3-BF4B-00C04F79EFBC}") = "DictionaryApp", "DictionaryApp\DictionaryApp.csproj", "{FEA1B0ED-35D1-42B8-A74E-97A466A87CD0}"
EndProject
Global
	GlobalSection(SolutionConfigurationPlatforms) = preSolution
		Debug|Any CPU = Debug|Any CPU
		Release|Any CPU = Release|Any CPU
	EndGlobalSection
	GlobalSection(ProjectConfigurationPlatforms) = postSolution
		{9872D5EC-AEFE-4158-BC84-19410C3C22E7}.Debug|Any CPU.ActiveCfg = Debug|Any CPU
		{9872D5EC-AEFE-4158-BC84-19410C3C22E7}.Debug|Any CPU.Build.0 = Debug|Any CPU
		{9872D5EC-AEFE-4158-BC84-19410C3C22E7}.Release|Any CPU.ActiveCfg = Release|Any CPU
		{9872D5EC-AEFE-4158-BC84-19410C3C22E7}.Release|Any CPU.Build.0 = Release|Any CPU
		{9D868677-0FE5-4AD4-8614-A3274C2FF308}.Debug|Any CPU.ActiveCfg = Debug|Any CPU
		{9D868677-0FE5-4AD4-8614-A3274C2FF308}.Debug|Any CPU.Build.0 = Debug|Any CPU
		{9D868677-0FE5-4AD4-8614-A3274C2FF308}.Release|Any CPU.ActiveCfg = Release|Any CPU
		{9D868677-0FE5-4AD4-8614-A3274C2FF308}.Release|Any CPU.Build.0 = Release|Any CPU
		{18282795-FB65-4734-925F-210262F32BA1}.Debug|Any CPU.ActiveCfg = Debug|Any CPU
		{18282795-FB65-4734-925F-210262F32BA1}.Debug|Any CPU.Build.0 = Debug|Any CPU
		{18282795-FB65-4734-925F-210262F32BA1}.Release|Any CPU.ActiveCfg = Release|Any CPU
		{18282795-FB65-4734-925F-210262F32BA1}.Release|Any CPU.Build.0 = Release|Any CPU
		{F1915D57-5198-4915-9134-25F9771354B8}.Debug|Any CPU.ActiveCfg = Debug|Any CPU
		{F1915D57-5198-4915-9134-25F9771354B8}.Debug|Any CPU.Build.0 = Debug|Any CPU
		{F1915D57-5198-4915-9134-25F9771354B8}.Release|Any CPU.ActiveCfg = Release|Any CPU
		{F1915D57-5198-4915-9134-25F9771354B8}.Release|Any CPU.Build.0 = Release|Any CPU
		{FEA1B0ED-35D1-42B8-A74E-97A466A87CD0}.Debug|Any CPU.ActiveCfg = Debug|Any CPU
		{FEA1B0ED-35D1-42B8-A74E-97A466A87CD0}.Debug|Any CPU.Build.0 = Debug|Any CPU
		{FEA1B0ED-35D1-42B8-A74E-97A466A87CD0}.Release|Any CPU.ActiveCfg = Release|Any CPU
		{FEA1B0ED-35D1-42B8-A74E-97A466A87CD0}.Release|Any CPU.Build.0 = Release|Any CPU
	EndGlobalSection
	GlobalSection(SolutionProperties) = preSolution
		HideSolutionNode = FALSE
	EndGlobalSection
	GlobalSection(ExtensibilityGlobals) = postSolution
		SolutionGuid = {E37B2E86-A97F-49D5-8EC6-38CB69EB25CE}
	EndGlobalSection
EndGlobal
