
Microsoft Visual Studio Solution File, Format Version 12.00
# Visual Studio Version 16
VisualStudioVersion = 16.0.31005.135
MinimumVisualStudioVersion = 10.0.40219.1
Project("{FAE04EC0-301F-11D3-BF4B-00C04F79EFBC}") = "Chap04App", "Chap04App\Chap04App.csproj", "{67F2C22D-5DD1-440F-B3E5-DB71AD70D81E}"
EndProject
Project("{FAE04EC0-301F-11D3-BF4B-00C04F79EFBC}") = "IncDecTestApp", "IncDecTestApp\IncDecTestApp.csproj", "{8D77BD47-CA9F-4C3D-A1CE-42EAF7C03EF6}"
EndProject
Global
	GlobalSection(SolutionConfigurationPlatforms) = preSolution
		Debug|Any CPU = Debug|Any CPU
		Release|Any CPU = Release|Any CPU
	EndGlobalSection
	GlobalSection(ProjectConfigurationPlatforms) = postSolution
		{67F2C22D-5DD1-440F-B3E5-DB71AD70D81E}.Debug|Any CPU.ActiveCfg = Debug|Any CPU
		{67F2C22D-5DD1-440F-B3E5-DB71AD70D81E}.Debug|Any CPU.Build.0 = Debug|Any CPU
		{67F2C22D-5DD1-440F-B3E5-DB71AD70D81E}.Release|Any CPU.ActiveCfg = Release|Any CPU
		{67F2C22D-5DD1-440F-B3E5-DB71AD70D81E}.Release|Any CPU.Build.0 = Release|Any CPU
		{8D77BD47-CA9F-4C3D-A1CE-42EAF7C03EF6}.Debug|Any CPU.ActiveCfg = Debug|Any CPU
		{8D77BD47-CA9F-4C3D-A1CE-42EAF7C03EF6}.Debug|Any CPU.Build.0 = Debug|Any CPU
		{8D77BD47-CA9F-4C3D-A1CE-42EAF7C03EF6}.Release|Any CPU.ActiveCfg = Release|Any CPU
		{8D77BD47-CA9F-4C3D-A1CE-42EAF7C03EF6}.Release|Any CPU.Build.0 = Release|Any CPU
	EndGlobalSection
	GlobalSection(SolutionProperties) = preSolution
		HideSolutionNode = FALSE
	EndGlobalSection
	GlobalSection(ExtensibilityGlobals) = postSolution
		SolutionGuid = {BE11F9AF-A408-47C4-A3DF-FA3BDCBFA757}
	EndGlobalSection
EndGlobal
