
Microsoft Visual Studio Solution File, Format Version 12.00
# Visual Studio Version 16
VisualStudioVersion = 16.0.31019.35
MinimumVisualStudioVersion = 10.0.40219.1
Project("{FAE04EC0-301F-11D3-BF4B-00C04F79EFBC}") = "Chap06App", "Chap06App\Chap06App.csproj", "{66C14E8E-958B-43BE-A006-EEF93BAF3EFB}"
EndProject
Global
	GlobalSection(SolutionConfigurationPlatforms) = preSolution
		Debug|Any CPU = Debug|Any CPU
		Release|Any CPU = Release|Any CPU
	EndGlobalSection
	GlobalSection(ProjectConfigurationPlatforms) = postSolution
		{66C14E8E-958B-43BE-A006-EEF93BAF3EFB}.Debug|Any CPU.ActiveCfg = Debug|Any CPU
		{66C14E8E-958B-43BE-A006-EEF93BAF3EFB}.Debug|Any CPU.Build.0 = Debug|Any CPU
		{66C14E8E-958B-43BE-A006-EEF93BAF3EFB}.Release|Any CPU.ActiveCfg = Release|Any CPU
		{66C14E8E-958B-43BE-A006-EEF93BAF3EFB}.Release|Any CPU.Build.0 = Release|Any CPU
	EndGlobalSection
	GlobalSection(SolutionProperties) = preSolution
		HideSolutionNode = FALSE
	EndGlobalSection
	GlobalSection(ExtensibilityGlobals) = postSolution
		SolutionGuid = {1535FBF2-DB57-4880-A8D3-03DC027C42D4}
	EndGlobalSection
EndGlobal
