
Microsoft Visual Studio Solution File, Format Version 12.00
# Visual Studio Version 16
VisualStudioVersion = 16.0.31019.35
MinimumVisualStudioVersion = 10.0.40219.1
Project("{FAE04EC0-301F-11D3-BF4B-00C04F79EFBC}") = "Chap05App", "Chap05\Chap05App.csproj", "{A79CC48F-13D6-4E9F-8EEC-8BE262715E2D}"
EndProject
Project("{FAE04EC0-301F-11D3-BF4B-00C04F79EFBC}") = "SwitchTestApp", "SwitchTestApp\SwitchTestApp.csproj", "{17E46960-04D2-4A57-8C24-4585D2E23249}"
EndProject
Project("{FAE04EC0-301F-11D3-BF4B-00C04F79EFBC}") = "LoopTestApp", "LoopTestApp\LoopTestApp.csproj", "{04CF55C6-632D-4E70-A580-F5F8B9D4D6BE}"
EndProject
Project("{FAE04EC0-301F-11D3-BF4B-00C04F79EFBC}") = "StarTestApp", "StarTestApp\StarTestApp.csproj", "{101C490F-FB2D-41EB-89C1-8DC5C9A9E106}"
EndProject
Project("{FAE04EC0-301F-11D3-BF4B-00C04F79EFBC}") = "ForeachTestApp", "ForeachTestApp\ForeachTestApp.csproj", "{51D9A150-2D28-4902-A0D1-6037CC5E4E3C}"
EndProject
Project("{FAE04EC0-301F-11D3-BF4B-00C04F79EFBC}") = "InfiniteLoopApp", "InfiniteLoopApp\InfiniteLoopApp.csproj", "{92E1D1E4-5C2A-4FFF-903E-54D503A28ACD}"
EndProject
Project("{FAE04EC0-301F-11D3-BF4B-00C04F79EFBC}") = "JumpTestApp", "JumpTestApp\JumpTestApp.csproj", "{FAD1BD8A-3EC8-4928-9CC8-9247EDF1E3B4}"
EndProject
Global
	GlobalSection(SolutionConfigurationPlatforms) = preSolution
		Debug|Any CPU = Debug|Any CPU
		Release|Any CPU = Release|Any CPU
	EndGlobalSection
	GlobalSection(ProjectConfigurationPlatforms) = postSolution
		{A79CC48F-13D6-4E9F-8EEC-8BE262715E2D}.Debug|Any CPU.ActiveCfg = Debug|Any CPU
		{A79CC48F-13D6-4E9F-8EEC-8BE262715E2D}.Debug|Any CPU.Build.0 = Debug|Any CPU
		{A79CC48F-13D6-4E9F-8EEC-8BE262715E2D}.Release|Any CPU.ActiveCfg = Release|Any CPU
		{A79CC48F-13D6-4E9F-8EEC-8BE262715E2D}.Release|Any CPU.Build.0 = Release|Any CPU
		{17E46960-04D2-4A57-8C24-4585D2E23249}.Debug|Any CPU.ActiveCfg = Debug|Any CPU
		{17E46960-04D2-4A57-8C24-4585D2E23249}.Debug|Any CPU.Build.0 = Debug|Any CPU
		{17E46960-04D2-4A57-8C24-4585D2E23249}.Release|Any CPU.ActiveCfg = Release|Any CPU
		{17E46960-04D2-4A57-8C24-4585D2E23249}.Release|Any CPU.Build.0 = Release|Any CPU
		{04CF55C6-632D-4E70-A580-F5F8B9D4D6BE}.Debug|Any CPU.ActiveCfg = Debug|Any CPU
		{04CF55C6-632D-4E70-A580-F5F8B9D4D6BE}.Debug|Any CPU.Build.0 = Debug|Any CPU
		{04CF55C6-632D-4E70-A580-F5F8B9D4D6BE}.Release|Any CPU.ActiveCfg = Release|Any CPU
		{04CF55C6-632D-4E70-A580-F5F8B9D4D6BE}.Release|Any CPU.Build.0 = Release|Any CPU
		{101C490F-FB2D-41EB-89C1-8DC5C9A9E106}.Debug|Any CPU.ActiveCfg = Debug|Any CPU
		{101C490F-FB2D-41EB-89C1-8DC5C9A9E106}.Debug|Any CPU.Build.0 = Debug|Any CPU
		{101C490F-FB2D-41EB-89C1-8DC5C9A9E106}.Release|Any CPU.ActiveCfg = Release|Any CPU
		{101C490F-FB2D-41EB-89C1-8DC5C9A9E106}.Release|Any CPU.Build.0 = Release|Any CPU
		{51D9A150-2D28-4902-A0D1-6037CC5E4E3C}.Debug|Any CPU.ActiveCfg = Debug|Any CPU
		{51D9A150-2D28-4902-A0D1-6037CC5E4E3C}.Debug|Any CPU.Build.0 = Debug|Any CPU
		{51D9A150-2D28-4902-A0D1-6037CC5E4E3C}.Release|Any CPU.ActiveCfg = Release|Any CPU
		{51D9A150-2D28-4902-A0D1-6037CC5E4E3C}.Release|Any CPU.Build.0 = Release|Any CPU
		{92E1D1E4-5C2A-4FFF-903E-54D503A28ACD}.Debug|Any CPU.ActiveCfg = Debug|Any CPU
		{92E1D1E4-5C2A-4FFF-903E-54D503A28ACD}.Debug|Any CPU.Build.0 = Debug|Any CPU
		{92E1D1E4-5C2A-4FFF-903E-54D503A28ACD}.Release|Any CPU.ActiveCfg = Release|Any CPU
		{92E1D1E4-5C2A-4FFF-903E-54D503A28ACD}.Release|Any CPU.Build.0 = Release|Any CPU
		{FAD1BD8A-3EC8-4928-9CC8-9247EDF1E3B4}.Debug|Any CPU.ActiveCfg = Debug|Any CPU
		{FAD1BD8A-3EC8-4928-9CC8-9247EDF1E3B4}.Debug|Any CPU.Build.0 = Debug|Any CPU
		{FAD1BD8A-3EC8-4928-9CC8-9247EDF1E3B4}.Release|Any CPU.ActiveCfg = Release|Any CPU
		{FAD1BD8A-3EC8-4928-9CC8-9247EDF1E3B4}.Release|Any CPU.Build.0 = Release|Any CPU
	EndGlobalSection
	GlobalSection(SolutionProperties) = preSolution
		HideSolutionNode = FALSE
	EndGlobalSection
	GlobalSection(ExtensibilityGlobals) = postSolution
		SolutionGuid = {D548F60E-70F5-4D75-BF56-24755AA9EA39}
	EndGlobalSection
EndGlobal
